
Microsoft Visual Studio Solution File, Format Version 12.00
# Visual Studio 15
VisualStudioVersion = 15.0.28307.329
MinimumVisualStudioVersion = 10.0.40219.1
Project("{FAE04EC0-301F-11D3-BF4B-00C04F79EFBC}") = "18_Real_time_Text_Detection_from_Videos", "18_Real_time_Text_Detection_from_Videos\18_Real_time_Text_Detection_from_Videos.csproj", "{8978E605-9398-40C3-82A4-A8A12DA219B6}"
EndProject
Global
	GlobalSection(SolutionConfigurationPlatforms) = preSolution
		Debug|Any CPU = Debug|Any CPU
		Release|Any CPU = Release|Any CPU
	EndGlobalSection
	GlobalSection(ProjectConfigurationPlatforms) = postSolution
		{8978E605-9398-40C3-82A4-A8A12DA219B6}.Debug|Any CPU.ActiveCfg = Debug|Any CPU
		{8978E605-9398-40C3-82A4-A8A12DA219B6}.Debug|Any CPU.Build.0 = Debug|Any CPU
		{8978E605-9398-40C3-82A4-A8A12DA219B6}.Release|Any CPU.ActiveCfg = Release|Any CPU
		{8978E605-9398-40C3-82A4-A8A12DA219B6}.Release|Any CPU.Build.0 = Release|Any CPU
	EndGlobalSection
	GlobalSection(SolutionProperties) = preSolution
		HideSolutionNode = FALSE
	EndGlobalSection
	GlobalSection(ExtensibilityGlobals) = postSolution
		SolutionGuid = {EE562241-D411-42FB-AC0F-FEC3F9E7BB5F}
	EndGlobalSection
EndGlobal
